# Generated by pub
# See http://pub.dartlang.org/doc/glossary.html#lockfile
packages:
  bot:
    description: bot
    source: hosted
    version: "0.25.3"
  bot_web:
    description: bot_web
    source: hosted
    version: "0.21.0"
  browser:
    description: browser
    source: hosted
    version: "0.9.0"
  chrome:
    description: chrome
    source: hosted
    version: "0.3.1"
  js:
    description: js
    source: hosted
    version: "0.2.0"
  logging:
    description: logging
    source: hosted
    version: "0.9.0"
  markdown:
    description: markdown
    source: hosted
    version: "0.5.0"
  meta:
    description: meta
    source: hosted
    version: "0.8.8"
  unmodifiable_collection:
    description: unmodifiable_collection
    source: hosted
    version: "0.9.0"
